
Microsoft Visual Studio Solution File, Format Version 12.00
# Visual Studio Version 17
VisualStudioVersion = 17.10.34928.147
MinimumVisualStudioVersion = 10.0.40219.1
Project("{FAE04EC0-301F-11D3-BF4B-00C04F79EFBC}") = "BlazorDeploy", "BlazorDeploy\BlazorDeploy\BlazorDeploy.csproj", "{F2B49F3D-1578-434D-9DA3-1CDA59D5638C}"
EndProject
Project("{FAE04EC0-301F-11D3-BF4B-00C04F79EFBC}") = "BlazorDeploy.Client", "BlazorDeploy\BlazorDeploy.Client\BlazorDeploy.Client.csproj", "{0AB6BAB5-551C-45BC-962E-5282D2CF6246}"
EndProject
Global
	GlobalSection(SolutionConfigurationPlatforms) = preSolution
		Debug|Any CPU = Debug|Any CPU
		Release|Any CPU = Release|Any CPU
	EndGlobalSection
	GlobalSection(ProjectConfigurationPlatforms) = postSolution
		{F2B49F3D-1578-434D-9DA3-1CDA59D5638C}.Debug|Any CPU.ActiveCfg = Debug|Any CPU
		{F2B49F3D-1578-434D-9DA3-1CDA59D5638C}.Debug|Any CPU.Build.0 = Debug|Any CPU
		{F2B49F3D-1578-434D-9DA3-1CDA59D5638C}.Release|Any CPU.ActiveCfg = Release|Any CPU
		{F2B49F3D-1578-434D-9DA3-1CDA59D5638C}.Release|Any CPU.Build.0 = Release|Any CPU
		{0AB6BAB5-551C-45BC-962E-5282D2CF6246}.Debug|Any CPU.ActiveCfg = Debug|Any CPU
		{0AB6BAB5-551C-45BC-962E-5282D2CF6246}.Debug|Any CPU.Build.0 = Debug|Any CPU
		{0AB6BAB5-551C-45BC-962E-5282D2CF6246}.Release|Any CPU.ActiveCfg = Release|Any CPU
		{0AB6BAB5-551C-45BC-962E-5282D2CF6246}.Release|Any CPU.Build.0 = Release|Any CPU
	EndGlobalSection
	GlobalSection(SolutionProperties) = preSolution
		HideSolutionNode = FALSE
	EndGlobalSection
	GlobalSection(ExtensibilityGlobals) = postSolution
		SolutionGuid = {C5A8100F-031D-4B86-9773-40A2ED1F04BC}
	EndGlobalSection
EndGlobal
